
Microsoft Visual Studio Solution File, Format Version 12.00
# Visual Studio Version 17
VisualStudioVersion = 17.4.33213.308
MinimumVisualStudioVersion = 10.0.40219.1
Project("{FAE04EC0-301F-11D3-BF4B-00C04F79EFBC}") = "Laberint", "Laberint\Laberint.csproj", "{B6144DAF-9BD2-4B32-9CC7-ECA8B856EA0B}"
EndProject
Global
	GlobalSection(SolutionConfigurationPlatforms) = preSolution
		Debug|Any CPU = Debug|Any CPU
		Release|Any CPU = Release|Any CPU
	EndGlobalSection
	GlobalSection(ProjectConfigurationPlatforms) = postSolution
		{B6144DAF-9BD2-4B32-9CC7-ECA8B856EA0B}.Debug|Any CPU.ActiveCfg = Debug|Any CPU
		{B6144DAF-9BD2-4B32-9CC7-ECA8B856EA0B}.Debug|Any CPU.Build.0 = Debug|Any CPU
		{B6144DAF-9BD2-4B32-9CC7-ECA8B856EA0B}.Release|Any CPU.ActiveCfg = Release|Any CPU
		{B6144DAF-9BD2-4B32-9CC7-ECA8B856EA0B}.Release|Any CPU.Build.0 = Release|Any CPU
	EndGlobalSection
	GlobalSection(SolutionProperties) = preSolution
		HideSolutionNode = FALSE
	EndGlobalSection
	GlobalSection(ExtensibilityGlobals) = postSolution
		SolutionGuid = {181F5931-55AE-49C4-9E52-D249588F6518}
	EndGlobalSection
EndGlobal
